# ZapeG patch client mod inventory — verified source; review before distributing.
# ATM9 1.1.1 / CurseForge file 7097953 / Forge 47.4.10
# Format: SHA256<two spaces>exact jar filename
# Any added, removed, renamed or changed jar makes the build fail.

131E205CE3EED384D701B336D8A0D4A671108ED56B6EFF6014F0E407DB2997F0  alexscaves-2.0.2.jar
BF7CEDF6D23854B01E3E13190A5570A3A8EF5C037765E67812D9ACD9B3B99C18  aquamirae-forge-1.20.1-7.1.10.jar
49C69DCCF2C641246B4E3DECA81EBAC21F0EE119E81FC713B838B8E33569EEA1  bettercombat-forge-1.9.0+1.20.1.jar
9F242F4F3330F3D0D985F5F3CE9A92FE09016FF9C6162252F201D17009B28D7D  born_in_chaos_[Forge]1.20.1_1.7.5.jar
FFFA7EAC48606DBC9F8E88DDF6C09EF218F0004B42F165F5476B700788806C9E  cc-tweaked-1.20.1-forge-1.116.1.jar
56C7AB87348A5292583AAC787B6CF11B5193E77F02AF1D17EA75A96F8640B3CE  citadel-2.6.3-1.20.1.jar
858EAE979C32E8ECFA34BC5705A3BD95297208B4F971FA545AF15C22456A1304  easy_npc_bundle-forge-1.20.1-7.7.7.jar
5BEDEDA8D3C1F1B0F92545C03C28416A011937425E2FAF7D1E7C17972FF78BC8  easy_npc_config_ui-forge-1.20.1-7.7.7.jar
A922DC3EB807B977F2674450E1EF9667B25E02E50DA79F2E1F5086EFE5BCF293  easy_npc-forge-1.20.1-7.7.7.jar
1D59778581A533D2BB7702A3D403FB37EADDB94AA786EBF3F4AB889DDED82C55  eureka-1201-1.6.3.jar
C5D12E49E31AF941F0DC96B2C9E6E6368CEAA0D4DAC24F83AF4431F49BCA262D  fragmentum-forge-1.20.1-1.5.2.jar
274C68A6B6CF9BD5FD97AF8358CE2D58FED2A49685F20079D744E8B74800277B  Immersive Vehicles-1.20.1-24.0.0.jar
CEC000B892AE56452C54471A6411EE8F7AFCEC9B37EB7A3FB0319CF015983173  ImmersivePetroleum-1.20.1-4.3.1-36b.jar
2B80245FC9B7D6FDC61D71F9892F4C6114EB7F303F65634845AAAB25F84D1E82  iceandfire-2.1.13-1.20.1-beta-5.jar
E8CE1768CDA6F1E1FADD2321C92921B473BD0CEE45BA4B8387FB30F8326CB31C  mowziesmobs-1.8.2.jar
A6CA5D37A89FD398CAFD96FC8F87673CEC5B0247C1651BC0B9F02B23F86C7908  MTS Official Pack-1.20.1-V29.jar
2FF5BAD88FD9962AECA7C73BF84AD51F637CFE082C50DE17C3C24C5A9C6CE1E5  numen-forge-1.20.1-0.1.1-all.jar
CD7791049191317F332F8B8B2DC89AE77EB733D0921FCF1B521F56907293073D  OAmP-1.20.1-V3.jar
318F1C362B69DB22324CC87307549643B795D7C57B652CEBDC9D946F03A21C5F  simplyswords-forge-1.56.0-1.20.1.jar
F99F24DE62015451A047F90484CF9D25970CAC350105B581C22B2D5247EBFD53  valkyrienskies-120-2.4.11.jar
3ACB06FCE1B118990A6F2D7F9080F5FC7C0BEEDEEA1701530658ABF9404EE3C5  zapeg-citizens-forge-1.20.1-0.3.0.jar
