# ZapeG offline client mod inventory — verified source; review before distributing.
# ATM9 1.1.1 / CurseForge file 7097953 / Forge 47.4.10
# Format: SHA256<two spaces>exact jar filename
# Any added, removed, renamed or changed jar makes the build fail.

DB2F56D0B37006E0DE24D53FE94A38D9FD1D10EADF384A719A37C8D15BBB88DC  [1.20.1] SecurityCraft v1.10.0.1.jar
C4B0326EFA655B180CC2B9D87994CA639EE4415DEBBF45788F665E9F4F864D3C  [forge]ctov-3.4.14.jar
A69FB71DEA0684E5348939C8F79FB68171082C26490156C7298FF5E44D374437  absentbydesign-1.20.1-1.9.0.jar
99E274894AF7C3B01622A74775A9960B5857B35951888414E733F8C2EC683F26  ad_astra-forge-1.20.1-1.15.20.jar
F5638FE29542497B70E02744B74ED2CD4810C0EDC48D176AF31BFA32B44B47B3  Ad-Astra-Giselle-Addon-forge-1.20.1-6.20.jar
9F11E3341E4BB6A90B3FAE2B947BAC4513AB9DF913E5DFB53FE223F3E1F621A1  additional_lights-1.20.1-2.1.7.jar
2EA292C8597F14AA1C205B4C14E7EFCE78F1B58E2302C6B9E1C3F235A53B11F0  AdditionalEnchantedMiner-1.20.1-1201.1.136.jar
6226969B04A75D418F1C9E8D291C3A17D78B2000F1353AE7C6A7B969A0FFD17A  additionallanterns-1.1.2-forge-mc1.20.2.jar
B29FD29D367D9FDB5042A4A7F9B1D33D22D52A6131B0E303EE62A7C47F37C6C7  addonslib-1.20.1-1.5.jar
DD19FA59B27E1FA978D82F568C4054510BF3AAD7226F6181A9A7F53BED935A91  AdvancedAE-1.2.7-1.20.1.jar
00B15433E1086D442990B62554FABE647E992E0AA3946537BE77ED2ED9DD0FA7  AdvancedPeripherals-1.20.1-0.7.46r.jar
1D3B75A328F26039839F008C541F185F92310D582E45D43565DE6B3719B0830E  advgenerators-1.6.0.6-mc1.20.1.jar
329DFF2184EDC476E7261B073F17239015636543A22C16DF1161FAFE547D6B1C  ae2insertexportcard-1.20.1-1.3.0.jar
6A900A8E4411F9C2653A38CDABBF503CF89766B289120A5F3599282120D2ABC3  AE2-Things-1.2.1.jar
DB94A11D203CC09732CF7F4053FE2712CED1CFA753D4131EEB85E91B354AC6D6  ae2wtlib-15.3.0-forge.jar
69665B60B88165D683DC2C615DFAF8FF1E96F48317F591D966C9906048DEDCB7  AEAdditions-1.20.1-5.1.0.jar
2C9C293F861D859427EAA72B4C2F8856C9F07BD1F6E898E9C36E1C411D02E988  AEInfinityBooster-1.20.1-1.0.0+51.jar
5CB64AB1F27E78E8338FE67F9C766578904AAD9BC1F8BCC90F306EA52AEA3FC5  aether-1.20.1-1.5.2-neoforge.jar
575A4A8E00F982C064D54BB3E73E5CDA2D14414DE054A471A3DAF3F58BDF560A  AI-Improvements-1.20-0.5.2.jar
D2FFD70C5D0DF16D9EE10A8B964293415E66FC8E25D7067850CD9BD773BD3499  aiotbotania-1.20.1-4.0.6.jar
FE993F8E0586A9C65209C230DE21225991D9E91C5482A262CE80B3EAB2EB02E1  alchemistry-1.20.1-2.3.4.jar
1BF4D28C70FB671C5B2CA72BFD12F74594DB6319F67BE7B50BB7BCE5D11C4466  alchemylib-1.20.1-1.0.30.jar
131E205CE3EED384D701B336D8A0D4A671108ED56B6EFF6014F0E407DB2997F0  alexscaves-2.0.2.jar
453D2A7A34B72FEA3A743B19CA5C7387244352EAFEBE8A623ED7013284C90120  allthearcanistgear-1.20.1-20.0.0.jar
5B5BEBB47DB29574DC8301DB20026F62555344DF9C4F265F296CC5BCE68770F5  allthecompressed-1.20.1-3.0.2.jar
9DF833A1E3FB0CC8E4FE43FD2637D5D7745EDFE38356A13BAAA69457982D4DE6  alltheleaks-1.0.7+1.20.1-forge.jar
469F1C220E3AC0157E73BBADF50322217377EFA990B55DEF3A8078C0A006F7C9  allthemodium-1.20.1-47.1.25-2.5.6.jar
B3AEE8294E1A285F875192745194B910D945A09BEEB050F25A2EB37DDC497408  alltheores-1.20.1-47.1.3-2.2.4.jar
7934BA2777AF245597EBFCB14D85C8CB184CBE6A73EE7D2FE0A81AF75B11AFD9  allthetweaks-1.20.1-47.2.20-2.3.2.jar
A9EAA7D8B1413AFDE7095D800FA82632019262C6CA75C3803ED87383D8BF64F1  allthewizardgear-1.20.1-1.1.4.jar
820E57B79ED847E4D9371C77531CF7B78352B400E2DBC85D167A66E900F2FC81  almostunified-forge-1.20.1-0.10.1.jar
F574C856ED26333824109B061664B1642ACA05BD8C8D93BA6D6A488BCDD89CD9  amendments-1.20-2.2.3.jar
5954CE71E859EC807FFE0A8B5DE9F2FF3A2C03CCDE29CFF609CC8DD1E90AEFE8  angelring-1.20.1-2.3.1.jar
5ED8C17CF62837BB649D1054E3E4FE93C4D9BDEC98FE9F332E2637A260DA30DA  Apotheosis-1.20.1-7.4.8.jar
68487B11C0D4E2F67A85F2B04BF65E99AC15294F2923F4391F83E9542293187A  ApothicAttributes-1.20.1-1.3.7.jar
E12419E43E3BABC810AF289403C5CD96BD7F09809B389ACC6BB2F122B4B2A426  appleskin-forge-mc1.20.1-2.5.1.jar
48D40BFCEC913B2732B24C3C2152CB2FC0084C255C00490630837EA0988FE4DD  applied-botanics-forge-1.5.1.jar
52C85B33E483F1EBACA1FF9C81040E6D178DFD571ECE96F6FD0D4DC76F682E42  appliedenergistics2-forge-15.4.9.jar
55891C5FA24835061DCC469FAE310E71E71514F0216DC7DBD2D12ED3D62C9E60  AppliedFlux-1.20-1.3.4-forge.jar
957E59989CC8388BCC10C42C8F68C0F1E3AFCE8A066A02BB2B6D0F4D641CCE55  Applied-Mekanistics-1.4.2.jar
8189D09ADDE558CD2EF97627E9480E4B620C3FA1DE7ED064D1C20346288841E5  Aquaculture-1.20.1-2.5.5.jar
BF7CEDF6D23854B01E3E13190A5570A3A8EF5C037765E67812D9ACD9B3B99C18  aquamirae-forge-1.20.1-7.1.10.jar
218B471D0B8A1F6CDA14CFC1BEB9EEB0DF54304500ACC6C5613D9B88EC65D9AF  architectury-9.2.14-forge.jar
31964F41303EE2265AC4DBED66C6AF20C11BD01637016D13E8DE091E87FB78F7  ars_creo-1.20.1-4.3.0.jar
34A338B42B7050D41053C2681E0E9F4FCBC822AF3AC40ABD1691B79D29395E0D  ars_elemental-1.20.1-0.6.7.8.jar
1F1DEBC282A0C379C1141F2840EA294EEDE6F6B544C589663F40BBE17B59A1AF  ars_nouveau-1.20.1-4.12.7-all.jar
5373AF3F799173F07CDB48142BF90C33D05B74FD081CCDE9DF7632C393D09840  ars_ocultas-1.20.1-1.2.2-all.jar
02850730D3535AFEB19D94311C31693EE1986D07795934E4DC50282F7956E827  arseng-1.2.0.jar
B39B1AA5882B81F4A53710F841232E25C2EECB577BBDE2F399C34BBA5FEE6E04  artifacts-forge-9.5.16.jar
64EEC9CFFB8847A459536096AC396B135FFB07C7D9D13C6A47D9CD7B251276AB  athena-forge-1.20.1-3.1.2.jar
5D8CC8928CE480288D5B504663BB13104DF56AC72CE5BF36F2743EC27C701112  AttributeFix-Forge-1.20.1-21.0.4.jar
7F10F01866C8316EDFC1FFBC49BAF1154923BEAC637E2D7B5399D26508FDD914  balm-forge-1.20.1-7.3.37-all.jar
86DC6EBF0472BC7F8B269BE16A562561B2F54A890F0B6911D175F6661CC1E14F  BambooEverything-forge-3.0.3+mc1.20.1.jar
03A2416440A49394EEA4D20F63DF06B88DB8103AB088D2B80A931E25C782245B  baubley-heart-canisters-1.20.1-1.1.1.jar
1B93852D15C61230B93B107C20D510072AFDAD577E76F287E6DD6A97FE6BC788  bdlib-1.27.0.8-mc1.20.1.jar
7932D80B8CCE7854D0C7B5A42A629A2D2237ADB6FAEC004BF78E4E4920F5F2E0  BetterAdvancements-Forge-1.20.1-0.4.2.25.jar
49C69DCCF2C641246B4E3DECA81EBAC21F0EE119E81FC713B838B8E33569EEA1  bettercombat-forge-1.9.0+1.20.1.jar
71ECFFC7C33AE896D9299F392DB11BD50027C2DCBD8B16593FA6B6A6A4018502  BetterCompatibilityChecker-forge-4.0.8+mc1.20.1.jar
E46CED73BDF78A59573A7188CFBE7256353F21A67EEF752DC39B5E5816FC61C0  BetterF3-7.0.2-Forge-1.20.1.jar
AF3DB500145F352A21BC2CD86D1F854E5F3C1486A8659B493A5B2FBC3BA0776F  betterp2p-1.5.0-forge.jar
330F482487AC3135557B6E898D7E1AE5330321E9CFD5BA63E13A16CF2E8D8B98  BiomesOPlenty-forge-1.20.1-19.0.0.96.jar
4197E503B18A0F03BD2E32B97BA5D0708049FC8F12053A976AB2E9C111522F04  blockui-1.20.1-1.0.194.jar
87E2CF59E61875360D5A69417C510A631404BF0A32338F5E6AD820BCB9C86F75  bloodmagic-1.20.1-3.3.3-45.jar
DDA5351A7D75F8074E9878912140FD5AB2FE4E74D7678D4F9C52C0B86BCE9748  blue_skies-1.20.1-1.3.31.jar
680F1FB7AD319F5EDDA83824E8CF7EFA8238E80FC9EDB3E7ABFE1E4A89BD3557  blueflame-1.20.0-1.0.3.jar
C31FED2C1A1C0D72D3EF996BB84521B7D6A8FBD3115C89C001F13A7FFD56F64B  Bookshelf-Forge-1.20.1-20.2.13.jar
9F242F4F3330F3D0D985F5F3CE9A92FE09016FF9C6162252F201D17009B28D7D  born_in_chaos_[Forge]1.20.1_1.7.5.jar
E17581A032CC84823D567ADC02550059B1686EF2A974652B09795BDB99B1005C  Botania-1.20.1-450-FORGE.jar
1D65B688AF6CFC70BF0B4E8CCF3D9542E6D6FB0F82083C130C1B9673D402B0DE  BotanyPots-Forge-1.20.1-13.0.41.jar
58EEA7644166853D5FFBFD4CD94EB4F28BBAF40AD0DE6479ECC8EE96D03F83FE  BotanyTrees-Forge-1.20.1-9.0.19.jar
470810A364FF4AD4D4FCD4E55798263938FC893970EACECC58E8B741A392B1CF  botarium-forge-1.20.1-2.3.4.jar
79EB172FEA57B1FA6424FDA1C773AEFB13C4E11277B810BB4C7577ED8C5F8CA6  BrandonsCore-1.20.1-3.2.1.302-universal.jar
59EFB399A4ACDB69A01A970B1F1E3C5584495AABC726FF40857AB4AED9372C83  buildinggadgets2-1.0.8.jar
D6C120A438F0B347F78D21758D0E05459E09CCD87BB9CAE9EE1955AB2750AFD9  bwncr-forge-1.20.1-3.17.2.jar
0DAE7ADEF1BA46ACFCBE3C3DFD39D8CA7141E901D08CB53257C4BEF0A53E5E8A  cabletiers-1.20.1-1.2.2.jar
37495445E79DF8B30A3A038A0051F3C8AA8447F91A9D0AA0D20BAEF69DDA9368  caelus-forge-3.2.0+1.20.1.jar
FE4171E72BF7AECEB65A343D0D8A1C563A034B2C12B1E59C8093B684EE0E3793  caupona-1.20.1-0.4.13.jar
12DEDBF3436C214EDD10A94762D57161EB0F5E966B36935A9C2A0964CF2B7E9F  cc-tweaked-1.20.1-forge-1.113.1.jar
5FDBC245003D2CB46B92EB9120D7BCA7F03422628DAED24C818BAA195EFE8663  cfm-forge-1.20.1-7.0.0-pre36.jar
4948BD0D92215E0E101A96028F72D8FB06C0DBB619B39160306D10655C669437  charginggadgets-1.11.0.jar
9E0DC303FE2B96DB0707487BFF0E1CB1173D4E54367364130655C25F2C219F2F  charmofundying-forge-6.5.0+1.20.1.jar
57D2FFC00F4D7D7241ABE0B6A48F3B9742D73046419625439A65F59D66137D36  chemlib-1.20.1-2.0.19.jar
4E062FA1494D3E85497FF6DFE501A6336CE3EB774513AE133D9F0129D3A2572E  Chimes-v2.0.1-1.20.1.jar
300E02535342B710FB34409821DE9D097B0D8B17F56A57A17D75D05C4C1C5B63  chipped-forge-1.20.1-3.0.7.jar
56C7AB87348A5292583AAC787B6CF11B5193E77F02AF1D17EA75A96F8640B3CE  citadel-2.6.3-1.20.1.jar
BEB67F1AF48B8BA77A8DE1A48EA08D97A520A32B490BB4FD9A0DA1DFD485A699  cleanswing-1.20-1.8.jar
5D27F4B56C450A5E2CB5E2277551507C369469653ADFE84EF7B19B2B7D3EE582  clickadv-1.20.1-3.8.jar
1E895E85CF5B1E1905EF3178EC155C8BADFE22A1577B92C09143A5AA1F4CE0F2  cloth-config-11.1.136-forge.jar
1D1CFCF386F182B1D0BDBE4BD4FC57B96234E8C7468E95E1575AD4DD6433243A  Clumps-forge-1.20.1-12.0.0.4.jar
9037FC4BC73E4CEC717501FC362F660F46C2A1AC34674DA2106B4605B3E4D8DB  CodeChickenLib-1.20.1-4.4.0.516-universal.jar
D7CD3EC8083E294E17CB50FE607B416C1DC83CE885E53BA3995D86E028F790E0  cofh_core-1.20.1-11.0.2.56.jar
CFF4FE41C167B6BDF15D41AB6778994434DADDAD833B938602B998890C86B696  colorfulhearts-forge-1.20.1-4.3.16.jar
0B9AAD3D9C35710A5DE56DF0109B622946281E1E16983E5EB85CBDF673D34435  colorwheel-forge-1.0.0+mc1.20.1.jar
56398103E0E3821C98F21A5B556D57DEB0686B9F50868B4278ECB73CC9D2F42C  comforts-forge-6.4.0+1.20.1.jar
4393098BD9CE8AA99405835122E1F2761C83D25139AA08182A16EBAE52A7A689  CommonCapabilities-1.20.1-2.9.9.jar
179CA1A9928920A5D89D73D308E0E78F59083E4E44D869D5CF23A9087FD52C3D  configuration-forge-1.20.1-3.1.0.jar
A00E37B978C6D73110157879373FE3E97784BBF0C8D4E5FC8DBD9F00E1113FC0  connectedglass-1.1.14-forge-mc1.20.1.jar
4B7278A0C5F9A13371AD08D235A91BC94C0783EC62F0BE0103BA91A01106188A  connectivity-1.20.1-7.2.jar
B55CA6F0E734BAD848ADB06949675136F1D05CB4FB3EFDDE084C9842C40E1EEC  constructionwand-1.20.1-2.11.jar
516308A93824119F6A1EBC75425AA21EE8F8DE0C331942793A054BA6D9C24944  Controlling-forge-1.20.1-12.0.2.jar
D67A02ED22DECED215E5062AD14112732F082DA356F82A6C6133F66987AA7CF8  cookingforblockheads-forge-1.20.1-16.0.14.jar
A231E8BF32C62D36550D556E1A15A8101F99C08C2AE13C38BF848D28F16514A8  corail_woodcutter-1.20.1-3.0.6.jar
925E71902E6EC1258DE1749484A6CDDBDEA26D23B4C655001FEF3B1EC175A125  CorgiLib-forge-1.20.1-4.0.1.3.jar
C6FF0C1E684EF367BAC6B3478CE6BFE2C1D6CD5D95EA5E07B2114D89768ED998  corn_delight-1.1.9-1.20.1.jar
C790E8671625B05EC0AA19272E0EA74EA95619F953E3C6F39A6736AF0D386804  cosmeticarmorreworked-1.20.1-v1a.jar
B66DADA0EFFF8CE5E89ECF84FDEB7B38EF4D72F23FB89644DEC7065690858EAC  crafting-on-a-stick-1.20.1-1.1.5.jar
B612E3AE2152504085F7D1AC96A39DB64E9E80B61E10F376CA11E2BB9C17AE5F  craftingtweaks-forge-1.20.1-18.2.6.jar
2EA380A8472A376772F111A08036736413EED032790E8385CD5682835AD64AA9  CrashAssistant-forge-1.19-1.20.1-1.10.10.jar
2939FD6CA8211C283D1606B140951D543880D5F5843C26B4F87C85EF8E34259D  crashutilities-8.1.4.jar
8A8B1BA1D5348CF737701697F534CE7570F28B4D00557F9B8B2ECA1E7AAEFC71  create_enchantment_industry-1.3.3-for-create-6.0.6.jar
6179BCE0FB74F74EF68333CB442876F4EF02976A71B1AA77C9DEF651EC2C9036  create_jetpack-forge-4.4.2.jar
6CB1E5B25E7D5FB670EF0713CA6DA17525A1B9658E2A523FD76C2A32BBC0B2ED  create-1.20.1-6.0.6.jar
944A617E3CF9D0D4965C7816050E3F317A52D74E7563D5325CCEBECE2CBC3EAA  createaddition-1.20.1-1.3.2.jar
109D52BFE32E54C94501FB8D49A080F86B765E32355C0AEC025DFC51F2BB2083  create-new-age-forge-1.20.1-1.1.4.jar
F8B702889A0EA6DABF4D8B35D88F0A6B96E08D61D99E76B3FAB1BFBFDB76E3EE  createoreexcavation-1.20-1.6.4.jar
212EB2A2D767F54FBFBAC2336C63FE2BD1AAE4D827AB358DA329A746358B6DD9  creeperoverhaul-3.0.2-forge.jar
3856AD565EA45D6189452D813E2F021B365B686D3B1ADAE5F747C56A1E535D9F  cristellib-1.1.6-forge.jar
9725BF9C127760214E6E087130D9660DAEF1B50905DE5B8C060EC49FC095CD53  Croptopia-1.20.1-FORGE-3.0.4.jar
53087FDA84110E89542113C63B041BCE1B1ABD4DEA1548A810F433F91DF370C1  crystalix-1.3.5_forge_1.20.1.jar
64B5750FD9896AA8E70D5A8970F21F5F977223649404A9420D0D5238121C2FC5  Cucumber-1.20.1-7.0.15.jar
63A1B6E8E9CFFD53F283FAE04F64B8D63DCAAA99FE0E383BB664F23EC87D395F  cupboard-1.20.1-2.7.jar
1E817919A35B37CF30524AAEC73F0CA5130452F23F168F844854DF282EB8E51F  curios-forge-5.14.1+1.20.1.jar
E661926F108C7D5076E80C79077E416EDE0F021121B3FE886DE2744751C9F365  CyclopsCore-1.20.1-1.21.1.jar
E63244146C892F9D0127B23F6762FEC1F071650A1AA23092FD7202E4FBB70DD0  dankstorage-forge-1.20.1-15.jar
AEB3F3F43C5EA495779DD11B40FA3C53C7B942902DF305CE575C30847026E9A4  DarkModeEverywhere-1.20.1-1.2.4.jar
C8EE8D3625DAE258E97D773925ACA9D882FFCE08BDDC964821A6CEA30BFE1079  DarkPaintings-Forge-1.20.1-17.0.5.jar
D430DFA2F0F250EC3D64FF65F4A8D0FCADE1973FEE717337DDE515E514F7AE4B  DarkUtilities-Forge-1.20.1-17.0.5.jar
D07DC6155E0B751C7D1EC26DABB7284A41798C85E48B0D809FD1254E489ED455  deeperdarker-forge-1.20.1-1.3.3.jar
B50636D0E03D39744AF1D081B4A483992E3FF0142A58523717B62C33FACE4185  deepresonance-1.20-5.0.4.jar
AE6A2D15D4C73805B1BFC5FDB6F44A5592918AB645E1EBD80E0AACFDF22FF8A0  DefaultSettings-1.20.x-4.0.7-Forge.jar
6D56981342F6D3F3ED16F9A65FBDA23BF7E68EF65ABAF4EBC59F777BE74463FE  Delightful-1.20.1-3.7.6.jar
3335BA63290F5A698DDE0A6F73E125B1FC732CE39205783CE7EBB2EE88CFA90A  DimStorage-1.20.1-8.0.1.jar
1CCBEF92CDA4C71F824A4F239CA46459D5476E7712C6C0AFFDB80CDED6C66D96  Ding-1.20.1-Forge-1.4.1.jar
B8B95C1C2B8A3A871CDEF56E4EC9231A57341864F730C9F1BACB5C8BE4589BD2  domum_ornamentum-1.20.1-1.0.291-snapshot-universal.jar
06AE009929799D7F912ADCF83498B83328395BD53C90E4E03EB07D710B40441A  Draconic-Evolution-1.20.1-3.1.2.621-universal.jar
71E1B8CEAF20C3102AE42EF2761CA47F30FE4CBD20ECBB687DF2CE75D1785514  Dungeon Crawl-1.20.1-2.3.15.jar
F8F1254DBE7ED7C1D5403F20361A36F0D0587C82B71313E3F427C7F1CE7C8A90  DungeonsArise-1.20.x-2.1.58-release.jar
52EA663852860EEF04FC55268DD3890B338C9968F8B7F3EF504FD013A05B28F0  durabilitytooltip-1.1.6-forge-mc1.20.jar
02B787A6F730A5BCE51695FD2AB5BE509FEB004433A6E285A4FBAE4AB5E5918C  dyenamics-1.20.1-3.2.0.jar
151E03E7278BF6BDACC953927CE266F85CC461BCABB855C97BF75A8A08582580  dyenamicsandfriends-1.20.1-1.9.3.jar
858EAE979C32E8ECFA34BC5705A3BD95297208B4F971FA545AF15C22456A1304  easy_npc_bundle-forge-1.20.1-7.7.7.jar
5BEDEDA8D3C1F1B0F92545C03C28416A011937425E2FAF7D1E7C17972FF78BC8  easy_npc_config_ui-forge-1.20.1-7.7.7.jar
A922DC3EB807B977F2674450E1EF9667B25E02E50DA79F2E1F5086EFE5BCF293  easy_npc-forge-1.20.1-7.7.7.jar
EBF398614F8EA14CC8CBF8BA7BB010E6BC37A6B254BD703E52AA40EB84BCCF06  easy-villagers-forge-1.20.1-1.1.35.jar
C6350E2889E7F92787EAD1D1C0BB61F46C844DEE8A8619496C25BA037813B0BA  eccentrictome-1.20.1-1.10.3.jar
B25FFF32B50B08FAC1C00827D564E316F933700C44760454002E656296B48B42  EdivadLib-1.20.1-2.0.1.jar
E9AB39C51362092B8343E94AF5911A4B232B8B48B191300F32246E3834EC72AD  eidolon_repraised-1.20.1-0.3.9.1-alpha.jar
7487C091BC8E6AE7B83C61471C97258B380FAB2A0F421ED84DF78F92BA630F75  elevatorid-1.20.1-1.9.1-forge.jar
F96C26E7AC9E2DADE0AA04F71B9F8708A2B7AF92B9CC691103AE32C62764E6AB  elytraslot-forge-6.4.4+1.20.1.jar
EED3D1325F2ACC2FD4E69BB495E5CCB91D962126AC5330F0582EBC2A3DAF47FB  embeddium-0.3.31+mc1.20.1.jar
5AA94CAA4A18F623B6A88BD9208764BC122F084F98849ADC0BA6511B58B719A2  enderchests-forge-1.20.1-1.4.jar
B1D72C56402C2D5CDDE828367FF0EB24740F9EE814BA41290112355095A8A475  EnderIO-1.20.1-6.2.15-beta-all.jar
18F9F0BF3A9B4F77AD6913C28CCB927CDE24F5D19524152CFE79EBB3DCCCACC5  endermanoverhaul-forge-1.20.1-1.0.4.jar
D262E71AF4D811208B6DDCA243356367A0A8C6D46361DCDAF6217A0C651C9B96  endersdelight-forge-1.20.1-1.1.3.jar
16D31B3E93BB3CA35A82A3F7F00181A01F5C346099B9D38A2FF4AD23D9962E49  endertanks-forge-1.20.1-1.5.jar
19544813F67C1EFBE315158BDF79A89FC2070320CAE2A922B6A2EC68C1C2BDA7  ends_delight-2.5.1+forge.1.20.1.jar
ECF77AF9B6B1ABDC439152D8BFE34795F9681A55C74BB2AED76C161275580969  energymeter-forge-1.20.1-1.0.0.jar
84CB18702DB2A26DFD5A21FF007E2BCF40E16092ADF7B2A33B8489987C4D7B45  ensorcellation-1.20.1-5.0.2.24.jar
F08D4EBB327D18E4E9296A66EEED09942A8183895FD0A29CF8E2192E40649576  entangled-1.3.20-forge-mc1.20.4.jar
F901D827B156E5C5201B665E20047A028A997F2BEF740B2E623A1CED243BAC6C  entityculling-forge-1.9.0-mc1.20.1.jar
8924A015F28348C806E6680ADDC2D5A8BCAF8439DD51CE48CE3B2F2B0E522407  EpheroLib-1.20.1-FORGE-1.2.0.jar
602D07CA365E9E952346996DAF88A3DF6110EC2238795A0C5FF334D332F43B29  EuphoriaPatcher-1.7.2-r5.6.1-forge.jar
1D59778581A533D2BB7702A3D403FB37EADDB94AA786EBF3F4AB889DDED82C55  eureka-1201-1.6.3.jar
2C219F922FA13F452E8C0F60FCFA7871A6E1B89B53A04587C09F2C3FE1E56D3B  everythingcopper-1.20.1-2.3.4.jar
5E430049E41293ECCD1F6D983B7520C24268FAB42E72C48961DCA71B040AC23F  EvilCraft-1.20.1-1.2.58.jar
8357B8FC2555F419C206943B0D5D18D9F80AF51B687594F8F8C772009AE94BB5  Exchangers-1.20.1-3.5.1.jar
1D5129B4AAD3FB471CCC1682073072E20F7EA3C273500C1934721C52AB3045B8  ExtendedAE-1.20-1.4.7-forge.jar
408AC230F5AEDFEDF8C06875EE8E8D92DF50B476340FD8D8BB1EAE24C169D419  ExtraDisks-1.20.1-3.0.3.jar
ED7B2B0FEDD7C2C2C060AF4A870BA73D34E586B7BDE213501B2C86F7C947B672  ExtraStorage-1.20.1-4.0.7.jar
AE20A95CE161C75E2D552BC95FBC8F4E61218F39EDF45603FC8679405A98E123  ExtremeReactors2-1.20.1-2.0.94.jar
92268AB47DC2011425009BF0CA4785962076BB5E3A61F55F04ACD1076BED91E3  ExtremeSoundMuffler-3.49.1-forge-1.20.1.jar
45E8E4DAF04283FC5A7FEC955E6A1E622EE0E9D4E1B5E79DBCF5B095BB510082  FarmersDelight-1.20.1-1.2.9.jar
DFA3C4E54BC68A2251F11F127DC057528D55EA4725734B881A9E0C25E80C6DDB  farmingforblockheads-forge-1.20.1-14.0.4.jar
8347D07EE5BB0898EF32DC4161F065F36CB3C60DCC19CAD164A58417AF5FFEE5  farsight-1.20.1-4.5.jar
970C11C090E7A364E2E006AABB5E573F79901E710E97195334EE5802317776E8  FastFurnace-1.20.1-8.0.2.jar
CE48DB06BFB5830C147969793771A8F8B5A5774B182543B906BC439EFD4E9469  FastLeafDecay-32.jar
326932853763885ED703D8969A62C459235D6B4A2B6A194535FEB3DACA484F84  FastSuite-1.20.1-5.1.0.jar
86D20C6879BF86EF76B3FD94998D3E5C3327ACB5D5324B6EB0B5348354766620  FastWorkbench-1.20.1-8.0.4.jar
9C2C9396A49E796D88497758CAA4637D2BCBB433C318E2DD9CEBCFFBAF0F6C54  ferritecore-6.0.1-forge.jar
E76860618564A4E7B3C44EA15E30BCE9441BB04259477891633523E186ED77BB  findme-3.2.3-forge.jar
EEB8EE8FBD484FAB4DF9B0BB8C7F7152F7E726266BE916D7621806F08FCD3C13  flib-1.20.1-0.0.15.jar
6F154F6BD798CDF5A9F3F90C743B396B2162308C69D9713AF22091A18A4746B6  flickerfix-1.20.1-4.0.1.jar
8D24F39B6E1B2D83426A28A62AE0B65294B7E6E925E39A26B62F8AE077F54A89  FluxNetworks-1.20.1-7.2.1.15.jar
F45D9D919B5E2EE2574FBFAC340293420DB80327C543DCF9C1B4FD3A79C8CC61  forbidden_arcanus-1.20.1-2.2.6.jar
C5D12E49E31AF941F0DC96B2C9E6E6368CEAA0D4DAC24F83AF4431F49BCA262D  fragmentum-forge-1.20.1-1.5.2.jar
497D66D71952ADF5851B5E14D2DF636B5933DF8C0AB8799C33DB1D9CFB82E66D  FramedBlocks-9.4.2.jar
CAAA40AEA64BBA6F113FBDDCABF77962B4B4E03BF57CBABACE07AB05D28B38F9  ftb-chunks-forge-2001.3.6.jar
DCBEC178981988FC67E8838E8EBA948325988221941DAA6E5DD65441974B39F0  ftb-essentials-forge-2001.2.3.jar
C721880EDD4F3A78965A350B2F12C6FE05F74DBA4037A2A08FD792F9CBB1DB97  ftb-library-forge-2001.2.10.jar
0986EF763A3255F01D34C0B863E7323420744E9C7186677E61782B9AD91F2743  ftb-quests-forge-2001.4.14.jar
EC654CB94B3BE8217DA91F114667D7B0170C7BE2ED533AC7E4FAA337D1F5B872  ftb-ranks-forge-2001.1.7.jar
D6E3CF8D0BDAE7F848764428C613AE2528AECF9D275B4169EB8E15DA87B41863  ftb-teams-forge-2001.3.1.jar
317C94A8AD011907932B7F0EEC875B1B0233BC9164E8920C702186570DA74D69  ftb-ultimine-forge-2001.1.7.jar
16A8EB9DE88D5C33D29CB076CC39DFB337B2C54348E1EF1EFE9DD60CF85E5F72  ftb-xmod-compat-forge-2.1.3.jar
BCC066A8B661BFFD01312AFAE1558B931BDF45A7042A6978EDB53132B3987B09  fuelgoeshere-1.20.0-1.0.1.jar
0D458BCD5C23E53B5479ACDB2E9AC2F762F2A1F3B14951BF3CC4CAFEABEFB687  functionalstorage-1.20.1-1.2.13.jar
992B954322943E3CE9EEB16B327F8F1500A7840C62AD03FD279D4A7DAA41C4C2  fusion-1.2.11a-forge-mc1.20.1.jar
F6101D9F11B1AED6F97473B797B47201D03D8A9DCB2294F4BCB9D5F5CDBF413F  GatewaysToEternity-1.20.1-4.2.6.jar
A2E4BCC986CE360F4E85D545A86B04C8C9350543EBD17069B6A44C0A8939FFDC  geckolib-forge-1.20.1-4.8.2.jar
9CFD3094FD9FA69935A9F3D69569ED20068BDB686BF44DFED13D6558A6EA0910  generatorgalore-1.20.1-1.2.4.jar
01E07848B9F741C713BC5B96469A4FBACF950C1285A65DE2B153C32474DBDD1F  getittogetherdrops-forge-1.20-1.3.jar
D9AF3C551E14E9AC4B31BFA2552981FA34222E6111FB886A9A38083C428FA918  glassential-renewed-forge-1.20.1-2.4.5.jar
E42A8B513DA08A910C133CAEAFAD9FC2FCC22FDAAA2EB3E2516E9112A5A0DB61  GlitchCore-forge-1.20.1-0.0.1.1.jar
FC419CB5BF511750C0A2DA498B925F5122AC4F78617ACA6630FE80ABF0B6F460  Glodium-1.20-1.5-forge.jar
B317D429AB2947679692CBAA4B48B71998DF8432372A8CDFBD271C5F420E1CDD  GravitationalModulatingAdditionalUnit-1.20.1-3.5.jar
E93EB36B3403A94E3040C4A8A733B8C315847E3781920F601451AEEF679B5DE6  gtceu-1.20.1-7.2.0.jar
B51FA954815A0A0998235FB607DE0CC926268886946E1B6AB93F15274FC7322D  guideme-20.1.13.jar
3BFC04B30CFF467C75553205C1F4D6D2BE7F841B92ADFE8441D8CE2F8D52CF4C  GunpowderLib-1.20.2-2.2.2.jar
1DA3C7C524BFB656BB370757AF55F08F1678E8E1CB934E1C4C04AA773ED64A79  handcrafted-forge-1.20.1-3.0.6.jar
88FEFC412A77D26B919E854C843666B75A211EDEBA8BA7591056663DA60485AF  harvestwithease-1.20.1-8.0.1.0-forge.jar
DCDDFB263A0EAF3D69C160D3532802B7F821CB4CC8F6A62AA8C35ADDE4EAA592  HostileNeuralNetworks-1.20.1-5.3.3.jar
0F0CA55DD379FB86F84BD4EAB5FAE302D660CE614B80B60AA618D05AD10D141F  hyperbox-1.20.1-4.0.2.0.jar
061DD0E8E066DC39277736D5607A47A18FEE4AFF428DE3363882F96E5C405AAA  ImmersiveEngineering-1.20.1-10.2.0-183.jar
CEC000B892AE56452C54471A6411EE8F7AFCEC9B37EB7A3FB0319CF015983173  ImmersivePetroleum-1.20.1-4.3.1-36b.jar
A422FB35B6ABA299E896D3EAB7F19AB9D2BA58E4144B7E657EAF7A6DA37411B9  IntegratedCrafting-1.20.1-1.3.0.jar
39A5C635BD71E16CFAAB80943BB0881A9DFC343819ECEE793EC251E580273113  IntegratedDynamics-1.20.1-1.28.1.jar
F8C912C78DF969EED2F42D9FF4E43AD497E37FEBA4970E21B4A3C4E78CF024AB  IntegratedTerminals-1.20.1-1.6.10.jar
2B9F53A962E4902CAF392B6D80F05502EB8813CF4DA7EBD5C435389E08E78D76  IntegratedTunnels-1.20.1-1.9.0.jar
E17D85BBA593592ED96AE4F7B62EDC26646D78AA44E47D3A7944AF6719BF27A4  IronJetpacks-1.20.1-7.0.9.jar
2B80245FC9B7D6FDC61D71F9892F4C6114EB7F303F65634845AAAB25F84D1E82  iceandfire-2.1.13-1.20.1-beta-5.jar
112BCFF765C9F2210E9EE95BAC6A21908D9F0198AA62CAE9FA26B63AC4A45CF8  industrial-foregoing-1.20.1-3.5.21.jar
C627B865C3F798088809D55027816C90D1B3A9B8F9D68863F0D47B21A9DC7970  industrial-foregoing-souls-1.20.1-1.0.9.jar
2CB47C9B40E214194783922F1D45C628AC0608AA77E25E737B03EBCC700ECE65  inventoryessentials-forge-1.20.1-8.2.12.jar
54BA6FD7D5E4B9A9DADF6876153B99A94B4997F8D4EE0E46C9C58EA5C8C95802  invtweaks-1.20.1-1.2.2.jar
BE9BAC471C10998FDA1F999D1A2143A72059E70B20D8ECF17DD9D0EAC76B07E5  ironfurnaces-1.20.1-4.1.6.jar
254EFF137ECA438972EF5D52E10E9C1DA33B157F5F25D223470EA4A4ABF6F2B4  irons_spellbooks-1.20.1-3.4.0.11.jar
FEF0ECF9CF8BEF51843FDA0C646EC2D1AFF5C0542611A781E955D13670D34A2B  itemcollectors-1.1.11-forge-mc1.20.2.jar
99417B1342BA51CCB9611B17AB01FC1299971AA34E8F9D2A8B3C63DF5713EB49  item-filters-forge-2001.1.0-build.59.jar
31949971A7A8D5A5BC95AD9D400CBEDFD2D65FFBFB3CEA7C0B2FA3B47431A0A5  Jade-1.20.1-Forge-11.13.2.jar
3FA00B2EE33EE154EF155997FC7E12FB0E4D7F4F06D1BFD47DD6EE3C6A1549D4  JadeAddons-1.20.1-Forge-5.5.0.jar
A69A29FD67FE107319CEF9E73FDB727CF17A863542DB93FC0266E7515FE79804  JCPlugin-1.17.x-1.20.x-4.0.4-Forge.jar
3BFD4DDAFE151BA57E9085155C20B76F95D4BD964AC5D8D83C669085B2508860  jearchaeology-1.20.1-1.0.4.jar
C6596939E9B47D1A212A6E2761DBE274971A9B5EA39EE274D778C854B5BFEAD4  jei-1.20.1-forge-15.20.0.116.jar
B96F323241BFC6295C6887C36C7A39E5375019883373DB5A0383FC6D34F3A505  jmi-forge-1.20.1-0.14-48.jar
8B2679B7B4881E0AA430FD24345EA446DE919FAF8A45BD2A71D37C7E8FF6AE1E  journeymap-1.20.1-5.10.3-forge.jar
00491A3723B3D22094D40A6B782F919FD3428557EA1AE0D5312FB3DCE96393F9  jumpboat-1.20.0-1.0.5.jar
DE9109F142B4CF688F5D57775F4268EFDCF11049DF829FA6A17CD3241A42B936  JustEnoughMekanismMultiblocks-1.20.1-4.14.jar
13E2012375D16663192CF67F5E4139335E5DCBEAF2ADF7E8A4816B013802F96A  JustEnoughProfessions-forge-1.20.1-3.0.1.jar
311D3A83DB489D27B96CD15DEB690CE64C78CFFB552C25C3DFF85956A14EC09E  JustEnoughResources-1.20.1-1.4.0.247.jar
778C75C388A8DFFED5BFAD25AB9A420DFD6C4EC3BDC1699EC6C2BAB2336B5040  justzoom_forge_2.1.1_MC_1.20.1.jar
E78686B92C3761EC26EB9D3C53EFDD3D6CA77981CBD3723995E1163B7103AE0B  konkrete_forge_1.8.0_MC_1.20-1.20.1.jar
EF988F86D170AF499D147EA8A5C34C99DBD6D8F4A5AD236A4B43818DC4470A10  kotlinforforge-4.11.0-all.jar
3DE6B7267D3AAB981848ED54D3AFE7EDF20532FA4060631FD6FFFCD99AC5F3D5  kubejs-forge-2001.6.5-build.16.jar
AC1028F4BFAA2629D80CE3C1F26E28CEEC2E6F2AAAAC3BB03DD8957856D2E7CA  L_Enders_Cataclysm-3.16.jar
F07FC6CB7F2AA28197E87FFC3A35062390259AD803D8996B08B13473C0AF6790  laserio-1.6.8.jar
B5B0C7DB58A59EA14E687FE511885793B50D90DA0C076CA9272EB98E050FD6FB  ldlib-forge-1.20.1-1.0.45.jar
6B795BBEEB320A4FC44438BEC23F7937E8C70F7B87E809E044872E37A9AC1B27  LibX-1.20.1-5.0.14.jar
7F54DE417AAE331BF39F2847D3029D0976B90B50F217F9B4CC856433D34AEE6F  lionfishapi-2.4-Fix.jar
C19A5A36C0E6CB3782CF7CA5B9648FB1BCE5FC41FD737BED423A1F4971BCCF75  lithostitched-forge-1.20.1-1.4.11.jar
61372FEAFAFB2500C8A19A5678422B7BB913D6FA876A05836620916196ECDF63  littlelogistics-mc1.20.1-v1.20.1.2.jar
22374C27FEFBBA07C4F62B5CFB212AB186E43B24025252BA42579632C1E5052A  logprot-1.20.1-3.5.jar
F4A58B77CED2641260E20DE6A45AA9D866B68A7BB82D830ABCC8D58537701083  lootr-forge-1.20-0.7.35.93.jar
699CC6FED1DDF8F46BECB169F0FFC38ACF4A3E93FCDF7F7CDF1CE28DEFF15505  lost_aether_content-1.20.1-1.2.3.jar
E60A63A17307372F2CA9203F370A96657CA8A75CAC445ADDA000C62F242087E2  lostcities-1.20-7.4.5.jar
820CE4764F8E552363AF7855DE39355F346509A609BB03ADD8D8B0A8CE96C4CA  mahoutsukai-1.20.1-v1.34.78.jar
3D48B3ABDC2439BE7F62380280B48F6506928244F2F162CB2BA31168AC14F9A1  maidensmerrymaking-1-20.1-7.jar
5A81A7B9626E179610A14575B2F58E37A8B694768FFC8B9C63994DFB952BDDC9  Mantle-1.20.1-1.11.79.jar
87963AE51312F7407633CCDB79DF980025FF7412B571139A85E1CD2E003E339C  matc-1.6.0.jar
94BD29416230B688991028CD6C80A52CCDED94A3F273C2BFAE51B7701ECD549B  mcjtylib-1.20-8.0.7.jar
366DD4041DE966141F5AEAB4AAA369F3EACDC1243956D8CCBCEE8A24325CC9EB  mcwbiomesoplenty-1.20.1-1.2.1.jar
BEAEFE9BF9CE1B28D2E6A9957D31AD0C7C0D047B856EECD29FFC2731824FD926  mcw-bridges-3.1.0-mc1.20.1forge.jar
CA3F93A513F692B28456D1DF0BB562FF27564539307618602462EF0D262384A0  mcw-doors-1.1.2-mc1.20.1forge.jar
6FE3BC1E2BB26854E2F0F62BACBAEA518B4681B342FCA52D2CE6C595775C4C88  mcw-fences-1.2.0-1.20.1forge.jar
65562BCFCF1DEB473E68F9F06605F43A521670E2CE3712A60B91BBD2E479FE7C  mcw-furniture-3.3.0-mc1.20.1forge.jar
C729C555E5635AEEA17AB90ACF1532488F96ED409B937AC1A71B40B61D46C1B1  mcw-lights-1.1.2-mc1.20.1forge.jar
9A809897462CA11C1920748B0FDF4555F05EF3650DB1BD82016906795D068C9F  mcw-mcwpaths-1.1.1-mc1.20.1forge.jar
438344FB202A594F47BF490A638A80BF70F4A74C0F1AFCEC7AA896A753235710  mcw-mcwwindows-2.4.1-mc1.20.1forge.jar
15CBCB45EEE018BC0CEB87497834A18EB9BF372961F9E95E823054580CADFA61  mcw-paintings-1.0.5-1.20.1forge.jar
3554317AD8D082A3D9FB5D8B387F5206E545323B4387ED1B93B7B3BF889DEF3F  mcw-roofs-2.3.2-mc1.20.1forge.jar
42D2FAB97E84BE941D28F59CA5F4E7322EC3A71192B00BA8A6B3B65A6FF0921C  mcw-trapdoors-1.1.4-mc1.20.1forge.jar
5860AA8B107D23BADB9929525A0551F68618B9B9668CFA71A415021613D36005  Measurements-forge-1.20.1-2.0.1.jar
19F59CC793950A3FA80DC1B29EF3BDAD587344CD5EFE25C5E010F4DB1EA4A79C  megacells-forge-2.4.6-1.20.1.jar
413FD1CD450CB1B3682651E505DB0978FD688CC718A02D306EF5CBC93BC01EEC  mekalus-mc1.20.1-1.8.0.1.jar
5AD0EFE29F32524BE436E0843F930B03702678703B82A6BF66D3CB987369671E  Mekanism-1.20.1-10.4.15.75.jar
AD0B69D932922B55D4F76E8BE8FF41E04A0FF8988D60EBEDD0FFBA591A155D78  MekanismGenerators-1.20.1-10.4.15.75.jar
363C95292FF08EDD8C948D4B5623CA9393F633F5D640D1E03103E982CBE1FD33  MekanismTools-1.20.1-10.4.15.75.jar
90C2D5093DA73A2DBFFCF3981F02303444FBBF8371184CA9103A4D438246F2EE  memorysettings-1.20.1-5.9.jar
119C23431FF06B1EBE57606DAFF460B7C74F74C8564A26F1CBAC4CD3521968CD  merequester-forge-1.20.1-1.1.5.jar
C882C29416EB4CEE8FA47326A04DB80342267ADBE059CC4961B3DEEE9418B623  minecolonies-1.20.1-1.1.1065-snapshot.jar
CD3B6BBEA5FD439DF793B8213CCC906C2D025811DFB09B766ACB2364EC513019  mininggadgets-1.15.6.jar
6E0FA6A245FD56CCE99D60AC908B5028BC6392A59833C45E0BC3E27EC7F0A2F9  mob_grinding_utils-1.20.1-1.1.0.jar
000B90E938543F255CBB1C7363D07DAB42D8DEE8DA2CB53EB3687A2B9BC58C3C  MobDespawnTimers-1.20.1-3.0.1.jar
35F27982242A3EA58C526204A28704DDF355D19BB2E9B0FF10F9585C255A4F16  modelfix-1.15.jar
98D77CB29C718934B1D5D465D3725A0DE4284BF3C8033D6553A7DD3B15956FE4  modernfix-forge-5.24.4+mc1.20.1.jar
F56CA11E011FD838A7DE1625D083C6FB052AD16D0ED3C8949A3FD1B3058B1083  modonomicon-1.20.1-forge-1.79.2.jar
73927003853E062806916CE6CB009203BD083D0169DE7380E114835A1FB8659D  modular-routers-12.1.1+mc1.20.1.jar
9CB836B2FD138460E35D890EB448B07CB04B18F9FFE04CD0036CF894350C38B9  moonlight-1.20-2.16.14-forge.jar
C79C5FAE0CFBE21CE7AA6FF0290D0615207E6FCE131DADD48B73F283FF909706  moredragoneggs-4.0.jar
BFFC387943FB6BDFEF8FCB6857AAA285F0A33575C9ADA3CD66F54352CDB82892  morejs-forge-1.20.1-0.10.1.jar
682640707331DB2FC2A43EA023896622D9179849CF74D3313E3FFEA8EC3C2371  moreoverlays-1.24.1-mc1.20.1-forge.jar
A5BAA00780254A9982276A99DCEEA035C62D384F07926E3138CB3934F1B808A0  morered-1.20.1-4.0.0.4.jar
6C27D16AA715AC6613A55FC463739E2C7B78279E4E4C4CEDE299E4A2D4A70F08  MouseTweaks-forge-mc1.20.1-2.25.1.jar
E8CE1768CDA6F1E1FADD2321C92921B473BD0CEE45BA4B8387FB30F8326CB31C  mowziesmobs-1.8.2.jar
3102EB9915591296D14E22992D0A7BAA526161B6E92058C017425C0BFF19EFB6  multipiston-1.20-1.2.43-RELEASE.jar
743BA0AE107F1445705CB1FED7EBC50D6E19A5B53762895D17E652D8549A76E4  mysterious_mountain_lib-1.5.26-1.20.1.jar
5630A3D05F801EC307C423431832DA6350048C29FDB581DB1D5A37171DCE6BFD  MysticalAgradditions-1.20.1-7.0.11.jar
AB4E324833CD0000E8D6620C2941060800EE38860F743814046F9D4E65400A22  MysticalAgriculture-1.20.1-7.0.23.jar
659A2B84B670AEC05D79F11749ED23742454F1C0FECD73B0A1068EE0573C84AB  MysticalCustomization-1.20.1-5.0.3.jar
395CCECF60321FEDE08A5A528087AF273269F21DDCE062270DF6568D405A463D  MythicBotany-1.20.1-4.0.4.jar
40110A85093A08D94752F0D9E47AF0109BE2A1F9B66F5DD25EE4DF07468BFE62  naturalist-forge-4.0.3-1.20.1.jar
DF1C4DFFCE5D02695031C674E6FD7B34B8A67CECE88400C48E942BB27B8FFF6D  NaturesAura-39.4.jar
28E05589C9E4021D9504C9EEA387ED4E80ADCDCD0626A9623A53754CFA69F7BF  NaturesCompass-1.20.1-1.11.2-forge.jar
06F1354664AEE53D4C32C83F76ED94BB72426A75B7E0EB8E415ABFBA3634CF4E  netherportalfix-forge-1.20-13.0.1.jar
28B072BC5C09EE889468546676C9BF0268EAA415865704BBEEB33F6A37005A30  nethersdelight-1.20.1-4.0.jar
EF7FA5096DFD492C3D3AE7228888CA4B92CE07D9B8E302297CEB2CEB1F8D238C  NoChatReports-FORGE-1.20.1-v2.2.2.jar
5813CFDB52E880073607B5C452033A21C5CE252C986DE2D89898C63B6D1ED840  noflyzone-1.20.1-1.1.0.jar
022ACF970473176BA0134C49F4E6F36302B1FAEDCDDE55BCFD7A9F40DEB1447C  notrample-1.20.1-1.0.1.jar
5E70333D6809827876F89ED36859B3BD1561A6533844318867FB842B3B07EBCD  novillagerdm-1.20.1-5.0.0.jar
009958985786081DAD4007F8B4A5899B7AA82951B194D81EC48076D68950A4E8  observable-4.4.2.jar
483A842310484553BA234ADE2222B9ECE46A41EB224CC6E8207B2EC92861E1F0  occultism-1.20.1-1.152.1.jar
EA6AE6BD1459046B7D7FD2C515A80B6966FF2C629BDF22D6298F0A73432B932D  oceansdelight-1.0.2-1.20.jar
0945DF0CBA0F62B3901DD80C3268E5311B770ECE78C78037A45DB12AC0425FEF  oculus-mc1.20.1-1.8.0.jar
8D100216AA5679C4AB73B3CA7FDD1FA165286FD9A77F9CA344C7212B378B8A77  packetfixer-3.3.0-1.18-1.20.4-merged.jar
CC9A495589016FB51E629DF89CAC429F7DE36A9BCF5F933E70CC10F3637C645E  PackingTape-1.20.1-0.14.4.jar
FC33C41205DC2FD432DD07D5B5F28D105D7A99DCED19220E9B3C6529C2F2AF55  PackMenu-1.20.1-6.1.2.jar
3528E4D424682A415AE97B9597E5ED0567E5A194B4AEB30AE364E962DA43B36A  Paraglider-forge-20.1.3.jar
9CC38EBB5E29B350222E337B7A5A2BA238C802230A89434CE00E90EE3026D056  Patchouli-1.20.1-84.1-FORGE.jar
F5840FC095DB6E5F1DD02DD72AD59E2AE3E88384F56FEC0978F693241D92E86C  PigPen-Forge-1.20.1-15.0.2.jar
F692B0A24C46C954358DB8535248021DEAF3399973C4E746BA1E3E115A8A48C9  pipez-forge-1.20.1-1.2.26.jar
1CDF906CFBCBB5E5BE2EF1BB721F79A24B01BD2AC559C8CDBFB7693F62421571  Placebo-1.20.1-8.6.3.jar
47BAE36798F6036CD8602FE5BB743E283C14D6B1D36C334E52F053806EF19B63  platforms-forge-1.20.1-1.2.jar
90D9965CB9EFDBDA29FDC5610BE3914CF7008BF5C392FF34F7AB25F96A852691  player-animation-lib-forge-1.0.2-rc1+1.20.jar
EBDBD3D8876F9CC15560BC103DC66479D2EA8E37C3F6539A18A02216F2E2D113  pneumaticcraft-repressurized-6.0.21+mc1.20.1.jar
595EEACF80632633967C1A21B751A6D981B2AC12C16416EC3993B26F26DF3AF0  polyeng-forge-0.1.1-1.20.1.jar
CBE63A0A1CB6AE8DBC0E29BB96D149A137CD4E714B295FA49D230994091D157F  polymorph-forge-0.49.10+1.20.1.jar
56F86F912ECA74923EBC3FAFC7DCC6635CD92EDE1803BCD0437E067B9954F3EC  ponderjs-1.20.1-2.0.6.jar
EF908211BEC8A6FBD4E2F718E02FE10FE8E5D87BE84293857B8FD4E33E6D0A55  Potion-Blender-1.20.1-FORGE-3.1.2.jar
5D120BA6E1BEC21DA8A26E6CC94D7B64FC49C34B098B7BA03BF1135A3A31C51F  potionsmaster-1.20.1-47.1.70-0.6.0.jar
22F16AC88E8064F4F7FD94FB88FAD3C8723DBD6FA5C11B7FD73C078C293184FA  Powah-5.0.11.jar
B728E5640FCFD0BD7137CABF475455588452ACE89A3DD136333A60FDF7049AF4  productivebees-1.20.1-12.6.0.jar
068B8185E0D6C82170FBA90FD615B4A97D294647029AEC7723AD40F7DFC06FE0  productivetrees-1.20.1-0.2.6.jar
79AE09BB3B4D480FBCA89D9B14124B558AE375862F49DB8C68C2AC1DC77BE5A0  Psi-1.20.1-102.jar
57BE34D69E237FF278B2CD1A506088E012E6D5DE9FBDFF8D4A9341510F51E075  pylons-1.20.1-4.2.1.jar
C90B96F049D92825C4A103721988C80D72E5AD380D17BE46A0F53E114874C478  Quark-4.0-462.jar
C663CD26E092836455B36DE81A92CC7ABE11E0AEEB80BE77604E2389AB4B3BB4  railcraft-reborn-1.20.1-1.1.10.jar
5689424E9C6E1251C893DE7D5D7AC7D6AB6D61806D1D304FD33CB97C53AF33CB  rangedpumps-1.1.0.jar
9C3B3B75B2EDF249577EB19EBFCC7E96BE682684D401438A25A97CC695FE6F83  rebornstorage-1.20.1-5.0.7.jar
5EF5676653A1F15AF86841D55F1963E1FC9066CBB87E59D82569467F086425EB  rechiseled-1.1.6-forge-mc1.20.jar
DAAD0772366E032F4BBD7B71EA6F62C1F93D5684FFCBBFE2AC9C1610F7FC75CF  rechiseledcreate-1.0.2b-forge-mc1.20.jar
BF44E5C1A5A2A03DB62B1820D573C09839019F85D90D279E92DA6600BE7D6B32  redstone_arsenal-1.20.1-8.0.1.24.jar
39E4312A999AA686F3C91095DCE424538708764BE6D108634CF658647620F826  refinedpolymorph-0.1.1-1.20.1.jar
D8AE3926C2121336EFCD6956C43D91F21CE405B77AC7C7201C559D4C19F380D2  refinedstorage-1.12.4.jar
8371FE7932E88E3DD06401FD921A6AB2C52913287BD8994B096E47655C664491  refinedstorageaddons-0.10.0.jar
CA27AF48C8CC71D7B1FF1492BAF4100E68A6236032C3AB6A768B4400DBB2F01E  reliquary-1.20.1-2.0.54.1304.jar
1DF4BC233642FEE845190D60664A0D9E51EE1C59D66A83889066C8602C296FFD  repurposed_structures-7.1.19+1.20.1-forge.jar
C404B9E5CF8595427A72D4CA6EE5730289168762B463F169BE3AE5DFE3727DED  resourcefulconfig-forge-1.20.1-2.1.3.jar
B13AFB95231D88E1CAEA5A045967E0FC291B29020B0D26AD39E6F9E9A551FEE8  resourcefullib-forge-1.20.1-2.1.29.jar
641BBCB2D8E1039496705DA3EC7E7356E25270E81F7A1D1E79FBE437485C0A1A  rftoolsbase-1.20-5.0.6.jar
C306EC9EBAB2C15F560F5DC05A454EB10F632D09EAC69273B26E22E105C8010A  rftoolsbuilder-1.20-6.0.8.jar
0D137FF88869C94FB4D66F29516800271BB91D01B6DA4D962C85960C40B9B3D2  rftoolscontrol-1.20-7.0.3.jar
F7C60D48DE169C09FE91C0734EC78E758D5A75545994F2BEFBFA18AB3971F622  rftoolspower-1.20-6.0.2.jar
B4BF76AAE245DEE2E0FA002D3210BF7830DD50786812623C25DD0D2939C34BBB  rftoolsstorage-1.20-5.0.3.jar
300B67FBA7D79F90E34DA445E16B04A82D002393AFC99B0E65F9B28156522159  rftoolsutility-1.20-6.0.6.jar
FED2211429301BF043864183CAB9AB8E92D4CC4DBB9E488CE6C75217C54584A6  rhino-forge-2001.2.3-build.10.jar
4575DEC1C18B852EEE484454D32C8975C3788FF4337312FAEC3F0A94AFDC6E47  RSInfinityBooster-1.20.1-1.0+39.jar
36072A05476D258D1612A9D75144AF0B839CCA7E752A5BBC39EED7E8BDDDF613  rsinsertexportupgrade-1.20.1-1.4.0.jar
DBF2C11FA5AE9C274C114E14435F015584A8545B77F8D7AF739164F66D3601AB  rsrequestify-1.20.1-2.3.3.jar
AE24744FBB329E72713C15308F54295DEE03515F95B5BD615E0945EDF5B5111D  Runelic-Forge-1.20.1-18.0.2.jar
4AE39DC3029D8BC4292D55FF20368B7EB69B050AF24EBAA487594AB61665DA81  ScalableCatsForce-3.3.1-build-0-with-library.jar
C1A76E93886210574D3F298C0461241FB711E52AC22C7A04D3236840F29E6576  Searchables-forge-1.20.1-1.0.3.jar
1511C8C17975ABBE9667EB548E41BF1E68F21F0EF065B54341E70002D2E60175  shetiphiancore-forge-1.20.1-1.5.jar
A7AF6DC3BC080C470A27FF691152C974BD13CE61E0C0948DAF5EEFECE432ABB1  Shrink-1.20.1-1.4.5.jar
0F438B1919544E6BA0B4E44EE4496D7DFAB878F90C9AB02CCA46507217E0DC5A  silent-gear-1.20.1-3.6.7.jar
9CA45FB6D723474D145227BED27DD1791CCA30AC96FD8F05084417B0779E0E01  silent-lib-1.20.1-8.0.0.jar
C52CA011D94254C4579FB5A9555853B614C7429D4A5B8ABD735A36410A8BE435  SimpleBackups-1.20.1-3.1.17.jar
AFCA53950383E2E8F955F24851195ECB29762EFE765BAC297BEB3590AE1207CB  simplemagnets-1.1.12-forge-mc1.20.1.jar
893C67FB4BBAFEE6E3208BA34BF60E2D6F17F4F9EFDB6D1F12BAA4052D8DDD10  simplylight-1.20.1-1.4.6-build.50.jar
318F1C362B69DB22324CC87307549643B795D7C57B652CEBDC9D946F03A21C5F  simplyswords-forge-1.56.0-1.20.1.jar
D4113D2EEBD82D1464FAE3A2CE9C63A2C792B65A94A921799A6ED5720C683585  sliceanddice-forge-3.5.2.jar
665F65F77CC36379A9AE11C09DB5D9EFA1AD4F8D017EDC8F65903FF27CACDB1D  SmartBrainLib-forge-1.20.1-1.15.jar
DFF5325ABB58C0C8526DFFB80E764188BDE045FD02CA6ED5E2BB76F0897D46F4  sodiumdynamiclights-forge-1.0.10-1.20.1.jar
37EC0B6248F04E856E6E5BA2066C4DED9981CE128282A9B45CDB10B67B9C8415  sodiumoptionsapi-forge-1.0.10-1.20.1.jar
629D6744C8D856C51C74C66EBA4C252C6D62D392DBAF5B24EA690CD8F081E679  solcarrot-1.20.1-1.15.1.jar
FD7464B56E96D24C509DA7D701EF7704876476B19DCF7145719CD6435771BE4B  sophisticatedbackpacks-1.20.1-3.24.9.1391.jar
3A9AEA835F7A4162681D5CF58199C4B1AD735D0C26CC8E903ABC4C8254C6CF68  sophisticatedcore-1.20.1-1.2.105.1230.jar
33A288E2D5AD2975EC4E9F9FBC4ABC18A0A26720FC78AE00408C2AF3B50F2620  sophisticatedstorage-1.20.1-1.4.11.1344.jar
EBA275BA9BB0CB5B542913C3138C6EEFF6A752898266D63D125D185F26AC99ED  spark-1.10.53-forge.jar
B955CC73949BA257B2844F533F0AEF765AA75EE4B0DBEAD8B6212BAD3C06322D  sparsestructuresreforged-1.20.1-1.0.0.jar
6848720460756F41F807365A89B2E77A3471322FE953583C1BA070F04FD92404  Stargate Journey-1.20.1-0.6.42.jar
D8C01CC9B9D8DD57238FE539B567F34E2AB134A8AD8DFC8E9FB30F9CB25322CD  Steam_Rails-1.6.13-alpha+forge-mc1.20.1.jar
43F4B4B88BB9CAA1114928A93E787335E56171B5233A545BF2F4DA1CE9FE943B  Structory_1.20.x_v1.3.5.jar
1584A5AED31C0F63E53C29D53CF4E069CDABF358E785240CC500702DC5918E3E  structure_gel-1.20.1-2.16.2.jar
503B0FE992AAEAE355572B13010996C7A1C6D6264E52E5D7D4E7CCF8E5FA9430  StructureCompass-1.20.1-2.2.0.jar
46DD926C8DEAAEDF2921F29701884F22AAD7B1B92ABDFB4CEEBC9EE8E5046D3D  structurize-1.20.1-1.0.784-snapshot.jar
60A21FB6617046B08720E0A51598D612E38F8C4CFC5C7BCAC808278B5E5759E5  stylecolonies-1.20.1-1.15.39.jar
BBBB40B1C2A7F077B5CCFFCCEB7D105D114B88485427F9882639224B9F709995  Super Factory Manager (SFM)-MC1.20.1-4.26.0.jar
BEA425EF7E9CD27A7FC0F4B89E00CBD0A1EE050F071ECAA9F28F7238F400F0A3  supermartijn642configlib-1.1.8-forge-mc1.20.jar
B89C7703F909C75BFF8981BE7A3C7219138E01549666BD5CD5C47A1D6330489E  supermartijn642corelib-1.1.18-forge-mc1.20.1.jar
6CA4ACD2FC8655D6B605223851C5BFCBB37F964A263C422D00B963D690C77A67  supplementaries-1.20-3.1.40.jar
72F8F62C93AD69489295AEF721CFC0328FD70DC62E9916281D52FBE035CE6F01  sushigocrafting-1.20.1-0.5.3.jar
0AE3C629193D4F10C8B4CC4FC45EC19B58221A6D044FF49EFFED2ADF03ABD22E  TConstruct-1.20.1-3.10.2.92.jar
927F6D6EB3BB5648320B57F5B0316CF54163D88F820D97EE75321335E6445A1B  tempad-forge-1.20.1-2.3.4.jar
C109016F46CA9BDAE69976BF080BBF2E8E5968CB66C0A78845F8CA6AF5DBBEB1  TerraBlender-forge-1.20.1-3.0.1.10.jar
8F65F309D8F2723754BF4B60C7B5763D3AB6ED04B01C172109BA6564E981B95F  Terralith_1.20.x_v2.5.4.jar
43029E388AB455F8C9BCFC8653B9A57A3EB1FF6B435CF6E58722D2D4C50D2444  The_Undergarden-1.20.1-0.8.14.jar
6D8FB94FAB048954144A81D14B95A5917AC5BFC5D277695DC4DDA3BCECD6C03A  thermal_cultivation-1.20.1-11.0.1.24.jar
1EB755E77B8BBDF5FEF16C1B725002D2B47520B544E49F1274724986AB677CA0  thermal_dynamics-1.20.1-11.0.1.23.jar
F44D9E2476DEB0CE2700C3837AA6E99C6A6BC95BC2D89D69EBE34B6C3A612633  thermal_expansion-1.20.1-11.0.1.29.jar
8CB610ABB3C835B47F9B4EC19BE6A54104D1F61230B67A9D5BFD097C5AC45823  thermal_foundation-1.20.1-11.0.6.70.jar
CB9AE2B7184B01441687A9FD7CA534D861B37B46934003DC14F2675BC844150F  thermal_innovation-1.20.1-11.0.1.23.jar
C0B8004499A5C4F8CB42ABAD96C6BE1F8EE49AF6F756A72CEF7C828199C570D4  thermal_integration-1.20.1-11.0.1.27.jar
45565603B45EEAC7DF4A1C6DD36AFB600A52F2C334BE336260C357D7563E0682  thermal_locomotion-1.20.1-11.0.1.19.jar
7CB593CBFF905D715CFE8CC5A7B9F12D89703B50E0D0F848A00E7277816B0096  ThermalExtra-3.2.7-1.20.1.jar
723512949EDFFD469559D86B767CDFF229B0A533E16638A296070D4EE63030FD  theurgy-1.20.1-1.25.0.jar
2BB0523B079A7A4960C06D7C0858B0DBB20D0660A1B0F453B412593563778242  time-in-a-bottle-4.0.4-mc1.20.1.jar
424C36181F236F2E06669D26377B26D66D427DEC8192499ECC576C37D1B5C039  tinyredstone-1.20-5.0.3.jar
75461182A955B149104D760DB908AF832DA5E1AE1FBABF09D23CD40701D15F02  titanium-1.20.1-3.8.32.jar
E9923900CABBC12FFDE7CC36113936F24B773BB33B22C19E4109CCA52FC55AD6  ToastControl-1.20.1-8.0.3.jar
A335131063AE7231C21D902D77F1E43C018807B6A02C733DAA4B9A479A32906E  tombstone-1.20.1-9.0.9.jar
717CAD5DE08223433F9F5AE467CF731288E69564EB7C4C19BCC2B49BC9191C3C  ToolBelt-1.20.1-1.20.02.jar
7C8984A2DC11C29147D0677958E9146A18578068BC00FBFCB1CDDBAA60557682  torchmaster-20.1.9.jar
D8473B6C3652FD2A3B1DEDBED9E128920595157C1914DA781CF34136EFBBA2FF  totw_modded-forge-1.20.1-1.0.6.jar
9C8115AF7109579DA990249FDD67B38323A45BE70F8A3A962B61DA69C7021984  Towns-and-Towers-1.12-Fabric+Forge.jar
7BA6AB6FF1422B9175C3A7F232309DB2C82D3CA3787547C79DA7839CD78C262F  towntalk-1.20.1-1.1.0.jar
533C14CFCC5D99E4889D9CDDDEA2E2EF382FEBFD5AE5ECB3B0676538A1CCDDA4  trashcans-1.0.18b-forge-mc1.20.jar
9CC15728F84A0AF0BE0EFA537CF897C0D98F3C706EB5DD5264C9CD58DC322411  trashslot-forge-1.20-15.1.2.jar
EFCE7A28A6114D11EFC2E32FCFF9681851F820C6AB057F84631A17D055CB5913  travelersbackpack-forge-1.20.1-9.1.44.jar
5ADC1265827DCC0534940523A57366E9D58BA72800021B667469E02D48CF6640  Twigs-1.20.1-3.1.0.jar
BA0C89CCCE00EA7EFE1D7EFA058E9046EF0576A7EDC7826B189FEDA1F8577A41  twilightdelight-2.0.17.jar
0BDC89263616D1B35C32EF82C5E9C14CBD20368E2FE8B468C72A28320BE7A778  twilightforest-1.20.1-4.3.2508-universal.jar
9B6DFD963C07B8BD83770E58C63F3A7C5CA1367A5BD424B38BC2399E5BBFCA3F  universalgrid-1.20.1-1.1.jar
8589F118CAE64334D1CD7BD46CBFA31420BA3960881FC1E15488F78141FBDAB7  utilitarian-1.20.1-0.9.1.jar
AFD45250FC7D6F93EC5D17A6DF50EB7A7B0449A39ABB1987B832E7E618055460  UtilitiX-1.20.1-0.8.25.jar
D52AE1941C76FF57EE61943B38B5AE95A1E4BFFA39604946BEE1CFE52964F690  valhelsia_core-forge-1.20.1-1.1.2.jar
F99F24DE62015451A047F90484CF9D25970CAC350105B581C22B2D5247EBFD53  valkyrienskies-120-2.4.11.jar
DF2B684697752619F43DC9DAE1FF8C1E530E3C7AF43152A78ACE29781757390B  villagertools-1.20.1-1.0.3.jar
C3EB2CC621C035460652F71ECAA80F54DB1BC69F8440538F904BAF46A96411A8  Voidscape-1.20.1-1.5.389.jar
6578E2F4322C7BF0EDE69F118D6F601481E1E319EF790B097BE8E724B9391947  voidtotem-forge-1.20-3.0.1.jar
079AA58D6E95BEE3CAFF622E10DCB6504EFEF43B803C7C21E2551201BD1CA78C  waystones-forge-1.20.1-14.1.17.jar
A031A42BF47BB5E1D7E40147BBD7D7F4C64FF58FE22B05724E53FCCBB015ACA6  wirelesschargers-1.0.10-forge-mc1.20.4.jar
40B492F768EC92B1C91FBE29DF7BC53B7B5EF31B1C34ACC6D07F5F5BA2315F2D  WitherSkeletonTweaks-1.20.1-9.1.0.jar
C9E8DF0685D784128A09F9DFC53EF450A9D59183256284C37F50D02B44BA8653  xnet-1.20-6.1.6.jar
D053779E1EA547F540C562043EBA346FCEF4B60C727AEAFA30F0F03B3F945AF2  xnetgases-1.20.1-5.1.4.jar
6DACF5EA0CEC5D6D53E7D002D4A06AC4FA5F7EC665F3932BB6566136E6A7F8ED  YeetusExperimentus-Forge-2.3.1-build.6+mc1.20.1.jar
101C30D01D0CF9D86190F578EB1E43BD06B64092E95662A00EF52946F472C7B1  YungsApi-1.20-Forge-4.0.6.jar
5A74294725232C665B908AF6E25224D111550CF69D74613E415B9F48FF150D16  YungsBetterDesertTemples-1.20-Forge-3.0.3.jar
93C24E4075C51DA0866F3FC92322BDB60E590AC2CD78DCE275460839C54C36F5  YungsBetterDungeons-1.20-Forge-4.0.4.jar
05C2F43A67116F0BBCA32D903B55CE1655B9319ED6554080DE02BD1D0C232A83  YungsBetterEndIsland-1.20-Forge-2.0.6.jar
728C0A807742356887EDF7D4F736B3870B7C84007EC9C495C27DA1DC0B61078D  YungsBetterJungleTemples-1.20-Forge-2.0.5.jar
6632E7BCC58325098E85BCB755483DE7CB3AF92A5EA548F3B5C0162CBF0DC1DC  YungsBetterMineshafts-1.20-Forge-4.0.4.jar
12CFFC99DCCCA69D294BA5BC39C331367794B339061572A6F3773620303A2F51  YungsBetterNetherFortresses-1.20-Forge-2.0.6.jar
BEA2640C4AFEB5231362A756D886CA4F246C7951175C91348272B3CE5D483BAE  YungsBetterOceanMonuments-1.20-Forge-3.0.4.jar
054B0A1BE86510ED6BD05DE66A29200F13F5603C0C9EB7E62074DDC3D19CB0E4  YungsBetterStrongholds-1.20-Forge-4.0.3.jar
24B3BDC844755E8A39571B5000D8DD829543F7B150D154016CCD926E47D06A71  YungsBetterWitchHuts-1.20-Forge-3.0.3.jar
3DEF0D66DEBEF6185DF82F6B777EC382A59DC66DA47C8F081E69CC059DA1D98D  YungsExtras-1.20-Forge-4.0.3.jar
69960CAF8B25FB8B94631A6D526DE2DF8531EBF5EB25FF2F64D643825F109762  ZeroCore2-1.20.1-2.1.47.jar
7B68E166061C6EA0A8AC1585B0AE222F12BDD350728F3D797B520C1E915A310B  Zeta-1.0-30.jar
